
Microsoft Visual Studio Solution File, Format Version 12.00
# Visual Studio Version 17
VisualStudioVersion = 17.7.34024.191
MinimumVisualStudioVersion = 10.0.40219.1
Project("{FAE04EC0-301F-11D3-BF4B-00C04F79EFBC}") = "ControlInventario", "ControlInventario\ControlInventario.csproj", "{02590B8E-4C58-4CA2-8619-D3E74FD1F841}"
EndProject
Project("{FAE04EC0-301F-11D3-BF4B-00C04F79EFBC}") = "ClasesInventario", "ClasesInventario\ClasesInventario.csproj", "{4283B8CF-C01B-401D-87DC-45E782050C26}"
EndProject
Global
	GlobalSection(SolutionConfigurationPlatforms) = preSolution
		Debug|Any CPU = Debug|Any CPU
		Release|Any CPU = Release|Any CPU
	EndGlobalSection
	GlobalSection(ProjectConfigurationPlatforms) = postSolution
		{02590B8E-4C58-4CA2-8619-D3E74FD1F841}.Debug|Any CPU.ActiveCfg = Debug|Any CPU
		{02590B8E-4C58-4CA2-8619-D3E74FD1F841}.Debug|Any CPU.Build.0 = Debug|Any CPU
		{02590B8E-4C58-4CA2-8619-D3E74FD1F841}.Release|Any CPU.ActiveCfg = Release|Any CPU
		{02590B8E-4C58-4CA2-8619-D3E74FD1F841}.Release|Any CPU.Build.0 = Release|Any CPU
		{4283B8CF-C01B-401D-87DC-45E782050C26}.Debug|Any CPU.ActiveCfg = Debug|Any CPU
		{4283B8CF-C01B-401D-87DC-45E782050C26}.Debug|Any CPU.Build.0 = Debug|Any CPU
		{4283B8CF-C01B-401D-87DC-45E782050C26}.Release|Any CPU.ActiveCfg = Release|Any CPU
		{4283B8CF-C01B-401D-87DC-45E782050C26}.Release|Any CPU.Build.0 = Release|Any CPU
	EndGlobalSection
	GlobalSection(SolutionProperties) = preSolution
		HideSolutionNode = FALSE
	EndGlobalSection
	GlobalSection(ExtensibilityGlobals) = postSolution
		SolutionGuid = {7139DDFD-D21C-4DAC-88C4-F7035C56FA9A}
	EndGlobalSection
EndGlobal
